
Microsoft Visual Studio Solution File, Format Version 12.00
# Visual Studio Version 17
VisualStudioVersion = 17.14.36518.9 d17.14
MinimumVisualStudioVersion = 10.0.40219.1
Project("{FAE04EC0-301F-11D3-BF4B-00C04F79EFBC}") = "Tablica dwuwymiarowa", "Tablica dwuwymiarowa.csproj", "{A47D55AD-C87A-4859-BB84-8D51B0EF6C40}"
EndProject
Global
	GlobalSection(SolutionConfigurationPlatforms) = preSolution
		Debug|Any CPU = Debug|Any CPU
		Release|Any CPU = Release|Any CPU
	EndGlobalSection
	GlobalSection(ProjectConfigurationPlatforms) = postSolution
		{A47D55AD-C87A-4859-BB84-8D51B0EF6C40}.Debug|Any CPU.ActiveCfg = Debug|Any CPU
		{A47D55AD-C87A-4859-BB84-8D51B0EF6C40}.Debug|Any CPU.Build.0 = Debug|Any CPU
		{A47D55AD-C87A-4859-BB84-8D51B0EF6C40}.Release|Any CPU.ActiveCfg = Release|Any CPU
		{A47D55AD-C87A-4859-BB84-8D51B0EF6C40}.Release|Any CPU.Build.0 = Release|Any CPU
	EndGlobalSection
	GlobalSection(SolutionProperties) = preSolution
		HideSolutionNode = FALSE
	EndGlobalSection
	GlobalSection(ExtensibilityGlobals) = postSolution
		SolutionGuid = {01F375FF-3A22-4CB6-A5B1-714B4A0FE2CF}
	EndGlobalSection
EndGlobal
